
Microsoft Visual Studio Solution File, Format Version 12.00
# Visual Studio Version 17
VisualStudioVersion = 17.12.35514.174
MinimumVisualStudioVersion = 10.0.40219.1
Project("{FAE04EC0-301F-11D3-BF4B-00C04F79EFBC}") = "FirstAnswer", "ConsoleApp1\FirstAnswer.csproj", "{E323E7A8-4F5B-49FC-AAB6-ECC1E7A42376}"
EndProject
Project("{FAE04EC0-301F-11D3-BF4B-00C04F79EFBC}") = "SecondAnswer", "SecondProblem\SecondAnswer.csproj", "{C1D816D3-75E8-43C1-949E-A55CFE9EAD14}"
EndProject
Global
	GlobalSection(SolutionConfigurationPlatforms) = preSolution
		Debug|Any CPU = Debug|Any CPU
		Release|Any CPU = Release|Any CPU
	EndGlobalSection
	GlobalSection(ProjectConfigurationPlatforms) = postSolution
		{E323E7A8-4F5B-49FC-AAB6-ECC1E7A42376}.Debug|Any CPU.ActiveCfg = Debug|Any CPU
		{E323E7A8-4F5B-49FC-AAB6-ECC1E7A42376}.Debug|Any CPU.Build.0 = Debug|Any CPU
		{E323E7A8-4F5B-49FC-AAB6-ECC1E7A42376}.Release|Any CPU.ActiveCfg = Release|Any CPU
		{E323E7A8-4F5B-49FC-AAB6-ECC1E7A42376}.Release|Any CPU.Build.0 = Release|Any CPU
		{C1D816D3-75E8-43C1-949E-A55CFE9EAD14}.Debug|Any CPU.ActiveCfg = Debug|Any CPU
		{C1D816D3-75E8-43C1-949E-A55CFE9EAD14}.Debug|Any CPU.Build.0 = Debug|Any CPU
		{C1D816D3-75E8-43C1-949E-A55CFE9EAD14}.Release|Any CPU.ActiveCfg = Release|Any CPU
		{C1D816D3-75E8-43C1-949E-A55CFE9EAD14}.Release|Any CPU.Build.0 = Release|Any CPU
	EndGlobalSection
	GlobalSection(SolutionProperties) = preSolution
		HideSolutionNode = FALSE
	EndGlobalSection
EndGlobal
